# This file is automatically @generated by Cargo.
# It is not intended for manual editing.
version = 3

[[package]]
name = "kernel"
version = "0.1.0"
dependencies = [
 "libgdx-xs128",
]

[[package]]
name = "libgdx-xs128"
version = "0.1.1"
source = "registry+https://github.com/rust-lang/crates.io-index"
checksum = "bacbb25779f7595df318fe90f76edb72756fbdd7f7419a2bf19a43e7abce2b6c"
